
Microsoft Visual Studio Solution File, Format Version 12.00
Project("{FAE04EC0-301F-11D3-BF4B-00C04F79EFBC}") = "fpw", "fpw.csproj", "{FF752F16-F64E-476A-91A1-6ADB08DD736A}"
EndProject
Global
	GlobalSection(SolutionConfigurationPlatforms) = preSolution
		Debug|Any CPU = Debug|Any CPU
		Release|Any CPU = Release|Any CPU
	EndGlobalSection
	GlobalSection(ProjectConfigurationPlatforms) = postSolution
		{FF752F16-F64E-476A-91A1-6ADB08DD736A}.Debug|Any CPU.ActiveCfg = Debug|Any CPU
		{FF752F16-F64E-476A-91A1-6ADB08DD736A}.Debug|Any CPU.Build.0 = Debug|Any CPU
		{FF752F16-F64E-476A-91A1-6ADB08DD736A}.Release|Any CPU.ActiveCfg = Release|Any CPU
		{FF752F16-F64E-476A-91A1-6ADB08DD736A}.Release|Any CPU.Build.0 = Release|Any CPU
	EndGlobalSection
EndGlobal
